// !$*UTF8*$!
{
	archiveVersion = 1;
	classes = {
	};
	objectVersion = 55;
	objects = {

/* Begin PBXBuildFile section */
		2900C2C1277CA20600A9D515 /* AppDelegate.swift in Sources */ = {isa = PBXBuildFile; fileRef = 2900C2C0277CA20600A9D515 /* AppDelegate.swift */; };
		2900C2C3277CA20600A9D515 /* SceneDelegate.swift in Sources */ = {isa = PBXBuildFile; fileRef = 2900C2C2277CA20600A9D515 /* SceneDelegate.swift */; };
		2900C2C5277CA20600A9D515 /* ViewController.swift in Sources */ = {isa = PBXBuildFile; fileRef = 2900C2C4277CA20600A9D515 /* ViewController.swift */; };
		2900C2C8277CA20600A9D515 /* Main.storyboard in Resources */ = {isa = PBXBuildFile; fileRef = 2900C2C6277CA20600A9D515 /* Main.storyboard */; };
		2900C2CB277CA20600A9D515 /* Stores.xcdatamodeld in Sources */ = {isa = PBXBuildFile; fileRef = 2900C2C9277CA20600A9D515 /* Stores.xcdatamodeld */; };
		2900C2CD277CA20700A9D515 /* Assets.xcassets in Resources */ = {isa = PBXBuildFile; fileRef = 2900C2CC277CA20700A9D515 /* Assets.xcassets */; };
		2900C2D0277CA20700A9D515 /* LaunchScreen.storyboard in Resources */ = {isa = PBXBuildFile; fileRef = 2900C2CE277CA20700A9D515 /* LaunchScreen.storyboard */; };
		2900C2DB277CA20800A9D515 /* StoresTests.swift in Sources */ = {isa = PBXBuildFile; fileRef = 2900C2DA277CA20800A9D515 /* StoresTests.swift */; };
		2900C2E5277CA20800A9D515 /* StoresUITests.swift in Sources */ = {isa = PBXBuildFile; fileRef = 2900C2E4277CA20800A9D515 /* StoresUITests.swift */; };
		2900C2E7277CA20800A9D515 /* StoresUITestsLaunchTests.swift in Sources */ = {isa = PBXBuildFile; fileRef = 2900C2E6277CA20800A9D515 /* StoresUITestsLaunchTests.swift */; };
		2900C2F5277CA24400A9D515 /* ProductRemoteDataSource.swift in Sources */ = {isa = PBXBuildFile; fileRef = 2900C2F3277CA24400A9D515 /* ProductRemoteDataSource.swift */; };
		2900C2F6277CA24400A9D515 /* RestManager.swift in Sources */ = {isa = PBXBuildFile; fileRef = 2900C2F4277CA24400A9D515 /* RestManager.swift */; };
		2900C302277CA37400A9D515 /* CollectionViewController.swift in Sources */ = {isa = PBXBuildFile; fileRef = 2900C301277CA37400A9D515 /* CollectionViewController.swift */; };
		2900C304277CA3C900A9D515 /* CataloguePresenter.swift in Sources */ = {isa = PBXBuildFile; fileRef = 2900C303277CA3C900A9D515 /* CataloguePresenter.swift */; };
		2900C306277CA3D300A9D515 /* ProductCollectionViewCell.swift in Sources */ = {isa = PBXBuildFile; fileRef = 2900C305277CA3D300A9D515 /* ProductCollectionViewCell.swift */; };
		2900C30C277CA50F00A9D515 /* Product.swift in Sources */ = {isa = PBXBuildFile; fileRef = 2900C30B277CA50F00A9D515 /* Product.swift */; };
		2900C314277CA5A100A9D515 /* SearchProductsUseCase.swift in Sources */ = {isa = PBXBuildFile; fileRef = 2900C312277CA5A100A9D515 /* SearchProductsUseCase.swift */; };
		2900C315277CA5A100A9D515 /* UseCase.swift in Sources */ = {isa = PBXBuildFile; fileRef = 2900C313277CA5A100A9D515 /* UseCase.swift */; };
		2900C31E277CEB6300A9D515 /* PhotoDataSource.swift in Sources */ = {isa = PBXBuildFile; fileRef = 2900C31D277CEB6300A9D515 /* PhotoDataSource.swift */; };
		2900C320277CF48300A9D515 /* GetphotosUseCase.swift in Sources */ = {isa = PBXBuildFile; fileRef = 2900C31F277CF48300A9D515 /* GetphotosUseCase.swift */; };
/* End PBXBuildFile section */

/* Begin PBXContainerItemProxy section */
		2900C2D7277CA20800A9D515 /* PBXContainerItemProxy */ = {
			isa = PBXContainerItemProxy;
			containerPortal = 2900C2B5277CA20600A9D515 /* Project object */;
			proxyType = 1;
			remoteGlobalIDString = 2900C2BC277CA20600A9D515;
			remoteInfo = Stores;
		};
		2900C2E1277CA20800A9D515 /* PBXContainerItemProxy */ = {
			isa = PBXContainerItemProxy;
			containerPortal = 2900C2B5277CA20600A9D515 /* Project object */;
			proxyType = 1;
			remoteGlobalIDString = 2900C2BC277CA20600A9D515;
			remoteInfo = Stores;
		};
/* End PBXContainerItemProxy section */

/* Begin PBXFileReference section */
		2900C2BD277CA20600A9D515 /* Stores.app */ = {isa = PBXFileReference; explicitFileType = wrapper.application; includeInIndex = 0; path = Stores.app; sourceTree = BUILT_PRODUCTS_DIR; };
		2900C2C0277CA20600A9D515 /* AppDelegate.swift */ = {isa = PBXFileReference; lastKnownFileType = sourcecode.swift; path = AppDelegate.swift; sourceTree = "<group>"; };
		2900C2C2277CA20600A9D515 /* SceneDelegate.swift */ = {isa = PBXFileReference; lastKnownFileType = sourcecode.swift; path = SceneDelegate.swift; sourceTree = "<group>"; };
		2900C2C4277CA20600A9D515 /* ViewController.swift */ = {isa = PBXFileReference; lastKnownFileType = sourcecode.swift; path = ViewController.swift; sourceTree = "<group>"; };
		2900C2C7277CA20600A9D515 /* Base */ = {isa = PBXFileReference; lastKnownFileType = file.storyboard; name = Base; path = Base.lproj/Main.storyboard; sourceTree = "<group>"; };
		2900C2CA277CA20600A9D515 /* Stores.xcdatamodel */ = {isa = PBXFileReference; lastKnownFileType = wrapper.xcdatamodel; path = Stores.xcdatamodel; sourceTree = "<group>"; };
		2900C2CC277CA20700A9D515 /* Assets.xcassets */ = {isa = PBXFileReference; lastKnownFileType = folder.assetcatalog; path = Assets.xcassets; sourceTree = "<group>"; };
		2900C2CF277CA20700A9D515 /* Base */ = {isa = PBXFileReference; lastKnownFileType = file.storyboard; name = Base; path = Base.lproj/LaunchScreen.storyboard; sourceTree = "<group>"; };
		2900C2D1277CA20700A9D515 /* Info.plist */ = {isa = PBXFileReference; lastKnownFileType = text.plist.xml; path = Info.plist; sourceTree = "<group>"; };
		2900C2D6277CA20800A9D515 /* StoresTests.xctest */ = {isa = PBXFileReference; explicitFileType = wrapper.cfbundle; includeInIndex = 0; path = StoresTests.xctest; sourceTree = BUILT_PRODUCTS_DIR; };
		2900C2DA277CA20800A9D515 /* StoresTests.swift */ = {isa = PBXFileReference; lastKnownFileType = sourcecode.swift; path = StoresTests.swift; sourceTree = "<group>"; };
		2900C2E0277CA20800A9D515 /* StoresUITests.xctest */ = {isa = PBXFileReference; explicitFileType = wrapper.cfbundle; includeInIndex = 0; path = StoresUITests.xctest; sourceTree = BUILT_PRODUCTS_DIR; };
		2900C2E4277CA20800A9D515 /* StoresUITests.swift */ = {isa = PBXFileReference; lastKnownFileType = sourcecode.swift; path = StoresUITests.swift; sourceTree = "<group>"; };
		2900C2E6277CA20800A9D515 /* StoresUITestsLaunchTests.swift */ = {isa = PBXFileReference; lastKnownFileType = sourcecode.swift; path = StoresUITestsLaunchTests.swift; sourceTree = "<group>"; };
		2900C2F3277CA24400A9D515 /* ProductRemoteDataSource.swift */ = {isa = PBXFileReference; fileEncoding = 4; lastKnownFileType = sourcecode.swift; path = ProductRemoteDataSource.swift; sourceTree = "<group>"; };
		2900C2F4277CA24400A9D515 /* RestManager.swift */ = {isa = PBXFileReference; fileEncoding = 4; lastKnownFileType = sourcecode.swift; path = RestManager.swift; sourceTree = "<group>"; };
		2900C301277CA37400A9D515 /* CollectionViewController.swift */ = {isa = PBXFileReference; fileEncoding = 4; lastKnownFileType = sourcecode.swift; path = CollectionViewController.swift; sourceTree = "<group>"; };
		2900C303277CA3C900A9D515 /* CataloguePresenter.swift */ = {isa = PBXFileReference; fileEncoding = 4; lastKnownFileType = sourcecode.swift; path = CataloguePresenter.swift; sourceTree = "<group>"; };
		2900C305277CA3D300A9D515 /* ProductCollectionViewCell.swift */ = {isa = PBXFileReference; fileEncoding = 4; lastKnownFileType = sourcecode.swift; path = ProductCollectionViewCell.swift; sourceTree = "<group>"; };
		2900C30B277CA50F00A9D515 /* Product.swift */ = {isa = PBXFileReference; fileEncoding = 4; lastKnownFileType = sourcecode.swift; path = Product.swift; sourceTree = "<group>"; };
		2900C312277CA5A100A9D515 /* SearchProductsUseCase.swift */ = {isa = PBXFileReference; fileEncoding = 4; lastKnownFileType = sourcecode.swift; path = SearchProductsUseCase.swift; sourceTree = "<group>"; };
		2900C313277CA5A100A9D515 /* UseCase.swift */ = {isa = PBXFileReference; fileEncoding = 4; lastKnownFileType = sourcecode.swift; path = UseCase.swift; sourceTree = "<group>"; };
		2900C31D277CEB6300A9D515 /* PhotoDataSource.swift */ = {isa = PBXFileReference; lastKnownFileType = sourcecode.swift; path = PhotoDataSource.swift; sourceTree = "<group>"; };
		2900C31F277CF48300A9D515 /* GetphotosUseCase.swift */ = {isa = PBXFileReference; lastKnownFileType = sourcecode.swift; path = GetphotosUseCase.swift; sourceTree = "<group>"; };
/* End PBXFileReference section */

/* Begin PBXFrameworksBuildPhase section */
		2900C2BA277CA20600A9D515 /* Frameworks */ = {
			isa = PBXFrameworksBuildPhase;
			buildActionMask = 2147483647;
			files = (
			);
			runOnlyForDeploymentPostprocessing = 0;
		};
		2900C2D3277CA20800A9D515 /* Frameworks */ = {
			isa = PBXFrameworksBuildPhase;
			buildActionMask = 2147483647;
			files = (
			);
			runOnlyForDeploymentPostprocessing = 0;
		};
		2900C2DD277CA20800A9D515 /* Frameworks */ = {
			isa = PBXFrameworksBuildPhase;
			buildActionMask = 2147483647;
			files = (
			);
			runOnlyForDeploymentPostprocessing = 0;
		};
/* End PBXFrameworksBuildPhase section */

/* Begin PBXGroup section */
		2900C2B4277CA20600A9D515 = {
			isa = PBXGroup;
			children = (
				2900C2BF277CA20600A9D515 /* Stores */,
				2900C2D9277CA20800A9D515 /* StoresTests */,
				2900C2E3277CA20800A9D515 /* StoresUITests */,
				2900C2BE277CA20600A9D515 /* Products */,
			);
			sourceTree = "<group>";
		};
		2900C2BE277CA20600A9D515 /* Products */ = {
			isa = PBXGroup;
			children = (
				2900C2BD277CA20600A9D515 /* Stores.app */,
				2900C2D6277CA20800A9D515 /* StoresTests.xctest */,
				2900C2E0277CA20800A9D515 /* StoresUITests.xctest */,
			);
			name = Products;
			sourceTree = "<group>";
		};
		2900C2BF277CA20600A9D515 /* Stores */ = {
			isa = PBXGroup;
			children = (
				2900C317277CAEC200A9D515 /* Data */,
				2900C307277CA49400A9D515 /* Domain */,
				2900C2FF277CA31F00A9D515 /* Presentation */,
				2900C2C0277CA20600A9D515 /* AppDelegate.swift */,
				2900C2C2277CA20600A9D515 /* SceneDelegate.swift */,
				2900C2C4277CA20600A9D515 /* ViewController.swift */,
				2900C2CC277CA20700A9D515 /* Assets.xcassets */,
				2900C2CE277CA20700A9D515 /* LaunchScreen.storyboard */,
				2900C2D1277CA20700A9D515 /* Info.plist */,
				2900C2C9277CA20600A9D515 /* Stores.xcdatamodeld */,
			);
			path = Stores;
			sourceTree = "<group>";
		};
		2900C2D9277CA20800A9D515 /* StoresTests */ = {
			isa = PBXGroup;
			children = (
				2900C2DA277CA20800A9D515 /* StoresTests.swift */,
			);
			path = StoresTests;
			sourceTree = "<group>";
		};
		2900C2E3277CA20800A9D515 /* StoresUITests */ = {
			isa = PBXGroup;
			children = (
				2900C2E4277CA20800A9D515 /* StoresUITests.swift */,
				2900C2E6277CA20800A9D515 /* StoresUITestsLaunchTests.swift */,
			);
			path = StoresUITests;
			sourceTree = "<group>";
		};
		2900C2FF277CA31F00A9D515 /* Presentation */ = {
			isa = PBXGroup;
			children = (
				2900C2C6277CA20600A9D515 /* Main.storyboard */,
				2900C300277CA33200A9D515 /* Catalogue */,
			);
			path = Presentation;
			sourceTree = "<group>";
		};
		2900C300277CA33200A9D515 /* Catalogue */ = {
			isa = PBXGroup;
			children = (
				2900C301277CA37400A9D515 /* CollectionViewController.swift */,
				2900C305277CA3D300A9D515 /* ProductCollectionViewCell.swift */,
				2900C303277CA3C900A9D515 /* CataloguePresenter.swift */,
			);
			path = Catalogue;
			sourceTree = "<group>";
		};
		2900C307277CA49400A9D515 /* Domain */ = {
			isa = PBXGroup;
			children = (
				2900C311277CA55700A9D515 /* Use Cases */,
				2900C30A277CA4EE00A9D515 /* Entities */,
			);
			path = Domain;
			sourceTree = "<group>";
		};
		2900C30A277CA4EE00A9D515 /* Entities */ = {
			isa = PBXGroup;
			children = (
				2900C30B277CA50F00A9D515 /* Product.swift */,
			);
			path = Entities;
			sourceTree = "<group>";
		};
		2900C311277CA55700A9D515 /* Use Cases */ = {
			isa = PBXGroup;
			children = (
				2900C312277CA5A100A9D515 /* SearchProductsUseCase.swift */,
				2900C313277CA5A100A9D515 /* UseCase.swift */,
				2900C31F277CF48300A9D515 /* GetphotosUseCase.swift */,
			);
			path = "Use Cases";
			sourceTree = "<group>";
		};
		2900C317277CAEC200A9D515 /* Data */ = {
			isa = PBXGroup;
			children = (
				2900C31C277CB07600A9D515 /* RemoteDataSource */,
			);
			path = Data;
			sourceTree = "<group>";
		};
		2900C31C277CB07600A9D515 /* RemoteDataSource */ = {
			isa = PBXGroup;
			children = (
				2900C2F3277CA24400A9D515 /* ProductRemoteDataSource.swift */,
				2900C2F4277CA24400A9D515 /* RestManager.swift */,
				2900C31D277CEB6300A9D515 /* PhotoDataSource.swift */,
			);
			path = RemoteDataSource;
			sourceTree = "<group>";
		};
/* End PBXGroup section */

/* Begin PBXNativeTarget section */
		2900C2BC277CA20600A9D515 /* Stores */ = {
			isa = PBXNativeTarget;
			buildConfigurationList = 2900C2EA277CA20800A9D515 /* Build configuration list for PBXNativeTarget "Stores" */;
			buildPhases = (
				2900C2B9277CA20600A9D515 /* Sources */,
				2900C2BA277CA20600A9D515 /* Frameworks */,
				2900C2BB277CA20600A9D515 /* Resources */,
			);
			buildRules = (
			);
			dependencies = (
			);
			name = Stores;
			productName = Stores;
			productReference = 2900C2BD277CA20600A9D515 /* Stores.app */;
			productType = "com.apple.product-type.application";
		};
		2900C2D5277CA20800A9D515 /* StoresTests */ = {
			isa = PBXNativeTarget;
			buildConfigurationList = 2900C2ED277CA20800A9D515 /* Build configuration list for PBXNativeTarget "StoresTests" */;
			buildPhases = (
				2900C2D2277CA20800A9D515 /* Sources */,
				2900C2D3277CA20800A9D515 /* Frameworks */,
				2900C2D4277CA20800A9D515 /* Resources */,
			);
			buildRules = (
			);
			dependencies = (
				2900C2D8277CA20800A9D515 /* PBXTargetDependency */,
			);
			name = StoresTests;
			productName = StoresTests;
			productReference = 2900C2D6277CA20800A9D515 /* StoresTests.xctest */;
			productType = "com.apple.product-type.bundle.unit-test";
		};
		2900C2DF277CA20800A9D515 /* StoresUITests */ = {
			isa = PBXNativeTarget;
			buildConfigurationList = 2900C2F0277CA20800A9D515 /* Build configuration list for PBXNativeTarget "StoresUITests" */;
			buildPhases = (
				2900C2DC277CA20800A9D515 /* Sources */,
				2900C2DD277CA20800A9D515 /* Frameworks */,
				2900C2DE277CA20800A9D515 /* Resources */,
			);
			buildRules = (
			);
			dependencies = (
				2900C2E2277CA20800A9D515 /* PBXTargetDependency */,
			);
			name = StoresUITests;
			productName = StoresUITests;
			productReference = 2900C2E0277CA20800A9D515 /* StoresUITests.xctest */;
			productType = "com.apple.product-type.bundle.ui-testing";
		};
/* End PBXNativeTarget section */

/* Begin PBXProject section */
		2900C2B5277CA20600A9D515 /* Project object */ = {
			isa = PBXProject;
			attributes = {
				BuildIndependentTargetsInParallel = 1;
				LastSwiftUpdateCheck = 1320;
				LastUpgradeCheck = 1320;
				TargetAttributes = {
					2900C2BC277CA20600A9D515 = {
						CreatedOnToolsVersion = 13.2;
					};
					2900C2D5277CA20800A9D515 = {
						CreatedOnToolsVersion = 13.2;
						TestTargetID = 2900C2BC277CA20600A9D515;
					};
					2900C2DF277CA20800A9D515 = {
						CreatedOnToolsVersion = 13.2;
						TestTargetID = 2900C2BC277CA20600A9D515;
					};
				};
			};
			buildConfigurationList = 2900C2B8277CA20600A9D515 /* Build configuration list for PBXProject "Stores" */;
			compatibilityVersion = "Xcode 13.0";
			developmentRegion = en;
			hasScannedForEncodings = 0;
			knownRegions = (
				en,
				Base,
			);
			mainGroup = 2900C2B4277CA20600A9D515;
			productRefGroup = 2900C2BE277CA20600A9D515 /* Products */;
			projectDirPath = "";
			projectRoot = "";
			targets = (
				2900C2BC277CA20600A9D515 /* Stores */,
				2900C2D5277CA20800A9D515 /* StoresTests */,
				2900C2DF277CA20800A9D515 /* StoresUITests */,
			);
		};
/* End PBXProject section */

/* Begin PBXResourcesBuildPhase section */
		2900C2BB277CA20600A9D515 /* Resources */ = {
			isa = PBXResourcesBuildPhase;
			buildActionMask = 2147483647;
			files = (
				2900C2D0277CA20700A9D515 /* LaunchScreen.storyboard in Resources */,
				2900C2CD277CA20700A9D515 /* Assets.xcassets in Resources */,
				2900C2C8277CA20600A9D515 /* Main.storyboard in Resources */,
			);
			runOnlyForDeploymentPostprocessing = 0;
		};
		2900C2D4277CA20800A9D515 /* Resources */ = {
			isa = PBXResourcesBuildPhase;
			buildActionMask = 2147483647;
			files = (
			);
			runOnlyForDeploymentPostprocessing = 0;
		};
		2900C2DE277CA20800A9D515 /* Resources */ = {
			isa = PBXResourcesBuildPhase;
			buildActionMask = 2147483647;
			files = (
			);
			runOnlyForDeploymentPostprocessing = 0;
		};
/* End PBXResourcesBuildPhase section */

/* Begin PBXSourcesBuildPhase section */
		2900C2B9277CA20600A9D515 /* Sources */ = {
			isa = PBXSourcesBuildPhase;
			buildActionMask = 2147483647;
			files = (
				2900C304277CA3C900A9D515 /* CataloguePresenter.swift in Sources */,
				2900C2C5277CA20600A9D515 /* ViewController.swift in Sources */,
				2900C314277CA5A100A9D515 /* SearchProductsUseCase.swift in Sources */,
				2900C2F5277CA24400A9D515 /* ProductRemoteDataSource.swift in Sources */,
				2900C2C1277CA20600A9D515 /* AppDelegate.swift in Sources */,
				2900C2F6277CA24400A9D515 /* RestManager.swift in Sources */,
				2900C302277CA37400A9D515 /* CollectionViewController.swift in Sources */,
				2900C2C3277CA20600A9D515 /* SceneDelegate.swift in Sources */,
				2900C30C277CA50F00A9D515 /* Product.swift in Sources */,
				2900C315277CA5A100A9D515 /* UseCase.swift in Sources */,
				2900C306277CA3D300A9D515 /* ProductCollectionViewCell.swift in Sources */,
				2900C320277CF48300A9D515 /* GetphotosUseCase.swift in Sources */,
				2900C31E277CEB6300A9D515 /* PhotoDataSource.swift in Sources */,
				2900C2CB277CA20600A9D515 /* Stores.xcdatamodeld in Sources */,
			);
			runOnlyForDeploymentPostprocessing = 0;
		};
		2900C2D2277CA20800A9D515 /* Sources */ = {
			isa = PBXSourcesBuildPhase;
			buildActionMask = 2147483647;
			files = (
				2900C2DB277CA20800A9D515 /* StoresTests.swift in Sources */,
			);
			runOnlyForDeploymentPostprocessing = 0;
		};
		2900C2DC277CA20800A9D515 /* Sources */ = {
			isa = PBXSourcesBuildPhase;
			buildActionMask = 2147483647;
			files = (
				2900C2E7277CA20800A9D515 /* StoresUITestsLaunchTests.swift in Sources */,
				2900C2E5277CA20800A9D515 /* StoresUITests.swift in Sources */,
			);
			runOnlyForDeploymentPostprocessing = 0;
		};
/* End PBXSourcesBuildPhase section */

/* Begin PBXTargetDependency section */
		2900C2D8277CA20800A9D515 /* PBXTargetDependency */ = {
			isa = PBXTargetDependency;
			target = 2900C2BC277CA20600A9D515 /* Stores */;
			targetProxy = 2900C2D7277CA20800A9D515 /* PBXContainerItemProxy */;
		};
		2900C2E2277CA20800A9D515 /* PBXTargetDependency */ = {
			isa = PBXTargetDependency;
			target = 2900C2BC277CA20600A9D515 /* Stores */;
			targetProxy = 2900C2E1277CA20800A9D515 /* PBXContainerItemProxy */;
		};
/* End PBXTargetDependency section */

/* Begin PBXVariantGroup section */
		2900C2C6277CA20600A9D515 /* Main.storyboard */ = {
			isa = PBXVariantGroup;
			children = (
				2900C2C7277CA20600A9D515 /* Base */,
			);
			name = Main.storyboard;
			sourceTree = "<group>";
		};
		2900C2CE277CA20700A9D515 /* LaunchScreen.storyboard */ = {
			isa = PBXVariantGroup;
			children = (
				2900C2CF277CA20700A9D515 /* Base */,
			);
			name = LaunchScreen.storyboard;
			sourceTree = "<group>";
		};
/* End PBXVariantGroup section */

/* Begin XCBuildConfiguration section */
		2900C2E8277CA20800A9D515 /* Debug */ = {
			isa = XCBuildConfiguration;
			buildSettings = {
				ALWAYS_SEARCH_USER_PATHS = NO;
				CLANG_ANALYZER_NONNULL = YES;
				CLANG_ANALYZER_NUMBER_OBJECT_CONVERSION = YES_AGGRESSIVE;
				CLANG_CXX_LANGUAGE_STANDARD = "gnu++17";
				CLANG_CXX_LIBRARY = "libc++";
				CLANG_ENABLE_MODULES = YES;
				CLANG_ENABLE_OBJC_ARC = YES;
				CLANG_ENABLE_OBJC_WEAK = YES;
				CLANG_WARN_BLOCK_CAPTURE_AUTORELEASING = YES;
				CLANG_WARN_BOOL_CONVERSION = YES;
				CLANG_WARN_COMMA = YES;
				CLANG_WARN_CONSTANT_CONVERSION = YES;
				CLANG_WARN_DEPRECATED_OBJC_IMPLEMENTATIONS = YES;
				CLANG_WARN_DIRECT_OBJC_ISA_USAGE = YES_ERROR;
				CLANG_WARN_DOCUMENTATION_COMMENTS = YES;
				CLANG_WARN_EMPTY_BODY = YES;
				CLANG_WARN_ENUM_CONVERSION = YES;
				CLANG_WARN_INFINITE_RECURSION = YES;
				CLANG_WARN_INT_CONVERSION = YES;
				CLANG_WARN_NON_LITERAL_NULL_CONVERSION = YES;
				CLANG_WARN_OBJC_IMPLICIT_RETAIN_SELF = YES;
				CLANG_WARN_OBJC_LITERAL_CONVERSION = YES;
				CLANG_WARN_OBJC_ROOT_CLASS = YES_ERROR;
				CLANG_WARN_QUOTED_INCLUDE_IN_FRAMEWORK_HEADER = YES;
				CLANG_WARN_RANGE_LOOP_ANALYSIS = YES;
				CLANG_WARN_STRICT_PROTOTYPES = YES;
				CLANG_WARN_SUSPICIOUS_MOVE = YES;
				CLANG_WARN_UNGUARDED_AVAILABILITY = YES_AGGRESSIVE;
				CLANG_WARN_UNREACHABLE_CODE = YES;
				CLANG_WARN__DUPLICATE_METHOD_MATCH = YES;
				COPY_PHASE_STRIP = NO;
				DEBUG_INFORMATION_FORMAT = dwarf;
				ENABLE_STRICT_OBJC_MSGSEND = YES;
				ENABLE_TESTABILITY = YES;
				GCC_C_LANGUAGE_STANDARD = gnu11;
				GCC_DYNAMIC_NO_PIC = NO;
				GCC_NO_COMMON_BLOCKS = YES;
				GCC_OPTIMIZATION_LEVEL = 0;
				GCC_PREPROCESSOR_DEFINITIONS = (
					"DEBUG=1",
					"$(inherited)",
				);
				GCC_WARN_64_TO_32_BIT_CONVERSION = YES;
				GCC_WARN_ABOUT_RETURN_TYPE = YES_ERROR;
				GCC_WARN_UNDECLARED_SELECTOR = YES;
				GCC_WARN_UNINITIALIZED_AUTOS = YES_AGGRESSIVE;
				GCC_WARN_UNUSED_FUNCTION = YES;
				GCC_WARN_UNUSED_VARIABLE = YES;
				IPHONEOS_DEPLOYMENT_TARGET = 15.2;
				MTL_ENABLE_DEBUG_INFO = INCLUDE_SOURCE;
				MTL_FAST_MATH = YES;
				ONLY_ACTIVE_ARCH = YES;
				SDKROOT = iphoneos;
				SWIFT_ACTIVE_COMPILATION_CONDITIONS = DEBUG;
				SWIFT_OPTIMIZATION_LEVEL = "-Onone";
			};
			name = Debug;
		};
		2900C2E9277CA20800A9D515 /* Release */ = {
			isa = XCBuildConfiguration;
			buildSettings = {
				ALWAYS_SEARCH_USER_PATHS = NO;
				CLANG_ANALYZER_NONNULL = YES;
				CLANG_ANALYZER_NUMBER_OBJECT_CONVERSION = YES_AGGRESSIVE;
				CLANG_CXX_LANGUAGE_STANDARD = "gnu++17";
				CLANG_CXX_LIBRARY = "libc++";
				CLANG_ENABLE_MODULES = YES;
				CLANG_ENABLE_OBJC_ARC = YES;
				CLANG_ENABLE_OBJC_WEAK = YES;
				CLANG_WARN_BLOCK_CAPTURE_AUTORELEASING = YES;
				CLANG_WARN_BOOL_CONVERSION = YES;
				CLANG_WARN_COMMA = YES;
				CLANG_WARN_CONSTANT_CONVERSION = YES;
				CLANG_WARN_DEPRECATED_OBJC_IMPLEMENTATIONS = YES;
				CLANG_WARN_DIRECT_OBJC_ISA_USAGE = YES_ERROR;
				CLANG_WARN_DOCUMENTATION_COMMENTS = YES;
				CLANG_WARN_EMPTY_BODY = YES;
				CLANG_WARN_ENUM_CONVERSION = YES;
				CLANG_WARN_INFINITE_RECURSION = YES;
				CLANG_WARN_INT_CONVERSION = YES;
				CLANG_WARN_NON_LITERAL_NULL_CONVERSION = YES;
				CLANG_WARN_OBJC_IMPLICIT_RETAIN_SELF = YES;
				CLANG_WARN_OBJC_LITERAL_CONVERSION = YES;
				CLANG_WARN_OBJC_ROOT_CLASS = YES_ERROR;
				CLANG_WARN_QUOTED_INCLUDE_IN_FRAMEWORK_HEADER = YES;
				CLANG_WARN_RANGE_LOOP_ANALYSIS = YES;
				CLANG_WARN_STRICT_PROTOTYPES = YES;
				CLANG_WARN_SUSPICIOUS_MOVE = YES;
				CLANG_WARN_UNGUARDED_AVAILABILITY = YES_AGGRESSIVE;
				CLANG_WARN_UNREACHABLE_CODE = YES;
				CLANG_WARN__DUPLICATE_METHOD_MATCH = YES;
				COPY_PHASE_STRIP = NO;
				DEBUG_INFORMATION_FORMAT = "dwarf-with-dsym";
				ENABLE_NS_ASSERTIONS = NO;
				ENABLE_STRICT_OBJC_MSGSEND = YES;
				GCC_C_LANGUAGE_STANDARD = gnu11;
				GCC_NO_COMMON_BLOCKS = YES;
				GCC_WARN_64_TO_32_BIT_CONVERSION = YES;
				GCC_WARN_ABOUT_RETURN_TYPE = YES_ERROR;
				GCC_WARN_UNDECLARED_SELECTOR = YES;
				GCC_WARN_UNINITIALIZED_AUTOS = YES_AGGRESSIVE;
				GCC_WARN_UNUSED_FUNCTION = YES;
				GCC_WARN_UNUSED_VARIABLE = YES;
				IPHONEOS_DEPLOYMENT_TARGET = 15.2;
				MTL_ENABLE_DEBUG_INFO = NO;
				MTL_FAST_MATH = YES;
				SDKROOT = iphoneos;
				SWIFT_COMPILATION_MODE = wholemodule;
				SWIFT_OPTIMIZATION_LEVEL = "-O";
				VALIDATE_PRODUCT = YES;
			};
			name = Release;
		};
		2900C2EB277CA20800A9D515 /* Debug */ = {
			isa = XCBuildConfiguration;
			buildSettings = {
				ASSETCATALOG_COMPILER_APPICON_NAME = AppIcon;
				ASSETCATALOG_COMPILER_GLOBAL_ACCENT_COLOR_NAME = AccentColor;
				CODE_SIGN_STYLE = Automatic;
				CURRENT_PROJECT_VERSION = 1;
				DEVELOPMENT_TEAM = FV7P3U9Z3A;
				GENERATE_INFOPLIST_FILE = YES;
				INFOPLIST_FILE = Stores/Info.plist;
				INFOPLIST_KEY_UIApplicationSupportsIndirectInputEvents = YES;
				INFOPLIST_KEY_UILaunchStoryboardName = LaunchScreen;
				INFOPLIST_KEY_UIMainStoryboardFile = Main;
				INFOPLIST_KEY_UISupportedInterfaceOrientations_iPad = "UIInterfaceOrientationPortrait UIInterfaceOrientationPortraitUpsideDown UIInterfaceOrientationLandscapeLeft UIInterfaceOrientationLandscapeRight";
				INFOPLIST_KEY_UISupportedInterfaceOrientations_iPhone = "UIInterfaceOrientationPortrait UIInterfaceOrientationLandscapeLeft UIInterfaceOrientationLandscapeRight";
				LD_RUNPATH_SEARCH_PATHS = (
					"$(inherited)",
					"@executable_path/Frameworks",
				);
				MARKETING_VERSION = 1.0;
				PRODUCT_BUNDLE_IDENTIFIER = Yousra.Stores;
				PRODUCT_NAME = "$(TARGET_NAME)";
				SWIFT_EMIT_LOC_STRINGS = YES;
				SWIFT_VERSION = 5.0;
				TARGETED_DEVICE_FAMILY = "1,2";
			};
			name = Debug;
		};
		2900C2EC277CA20800A9D515 /* Release */ = {
			isa = XCBuildConfiguration;
			buildSettings = {
				ASSETCATALOG_COMPILER_APPICON_NAME = AppIcon;
				ASSETCATALOG_COMPILER_GLOBAL_ACCENT_COLOR_NAME = AccentColor;
				CODE_SIGN_STYLE = Automatic;
				CURRENT_PROJECT_VERSION = 1;
				DEVELOPMENT_TEAM = FV7P3U9Z3A;
				GENERATE_INFOPLIST_FILE = YES;
				INFOPLIST_FILE = Stores/Info.plist;
				INFOPLIST_KEY_UIApplicationSupportsIndirectInputEvents = YES;
				INFOPLIST_KEY_UILaunchStoryboardName = LaunchScreen;
				INFOPLIST_KEY_UIMainStoryboardFile = Main;
				INFOPLIST_KEY_UISupportedInterfaceOrientations_iPad = "UIInterfaceOrientationPortrait UIInterfaceOrientationPortraitUpsideDown UIInterfaceOrientationLandscapeLeft UIInterfaceOrientationLandscapeRight";
				INFOPLIST_KEY_UISupportedInterfaceOrientations_iPhone = "UIInterfaceOrientationPortrait UIInterfaceOrientationLandscapeLeft UIInterfaceOrientationLandscapeRight";
				LD_RUNPATH_SEARCH_PATHS = (
					"$(inherited)",
					"@executable_path/Frameworks",
				);
				MARKETING_VERSION = 1.0;
				PRODUCT_BUNDLE_IDENTIFIER = Yousra.Stores;
				PRODUCT_NAME = "$(TARGET_NAME)";
				SWIFT_EMIT_LOC_STRINGS = YES;
				SWIFT_VERSION = 5.0;
				TARGETED_DEVICE_FAMILY = "1,2";
			};
			name = Release;
		};
		2900C2EE277CA20800A9D515 /* Debug */ = {
			isa = XCBuildConfiguration;
			buildSettings = {
				ALWAYS_EMBED_SWIFT_STANDARD_LIBRARIES = YES;
				BUNDLE_LOADER = "$(TEST_HOST)";
				CODE_SIGN_STYLE = Automatic;
				CURRENT_PROJECT_VERSION = 1;
				DEVELOPMENT_TEAM = FV7P3U9Z3A;
				GENERATE_INFOPLIST_FILE = YES;
				IPHONEOS_DEPLOYMENT_TARGET = 15.2;
				MARKETING_VERSION = 1.0;
				PRODUCT_BUNDLE_IDENTIFIER = Yousra.StoresTests;
				PRODUCT_NAME = "$(TARGET_NAME)";
				SWIFT_EMIT_LOC_STRINGS = NO;
				SWIFT_VERSION = 5.0;
				TARGETED_DEVICE_FAMILY = "1,2";
				TEST_HOST = "$(BUILT_PRODUCTS_DIR)/Stores.app/Stores";
			};
			name = Debug;
		};
		2900C2EF277CA20800A9D515 /* Release */ = {
			isa = XCBuildConfiguration;
			buildSettings = {
				ALWAYS_EMBED_SWIFT_STANDARD_LIBRARIES = YES;
				BUNDLE_LOADER = "$(TEST_HOST)";
				CODE_SIGN_STYLE = Automatic;
				CURRENT_PROJECT_VERSION = 1;
				DEVELOPMENT_TEAM = FV7P3U9Z3A;
				GENERATE_INFOPLIST_FILE = YES;
				IPHONEOS_DEPLOYMENT_TARGET = 15.2;
				MARKETING_VERSION = 1.0;
				PRODUCT_BUNDLE_IDENTIFIER = Yousra.StoresTests;
				PRODUCT_NAME = "$(TARGET_NAME)";
				SWIFT_EMIT_LOC_STRINGS = NO;
				SWIFT_VERSION = 5.0;
				TARGETED_DEVICE_FAMILY = "1,2";
				TEST_HOST = "$(BUILT_PRODUCTS_DIR)/Stores.app/Stores";
			};
			name = Release;
		};
		2900C2F1277CA20800A9D515 /* Debug */ = {
			isa = XCBuildConfiguration;
			buildSettings = {
				ALWAYS_EMBED_SWIFT_STANDARD_LIBRARIES = YES;
				CODE_SIGN_STYLE = Automatic;
				CURRENT_PROJECT_VERSION = 1;
				DEVELOPMENT_TEAM = FV7P3U9Z3A;
				GENERATE_INFOPLIST_FILE = YES;
				MARKETING_VERSION = 1.0;
				PRODUCT_BUNDLE_IDENTIFIER = Yousra.StoresUITests;
				PRODUCT_NAME = "$(TARGET_NAME)";
				SWIFT_EMIT_LOC_STRINGS = NO;
				SWIFT_VERSION = 5.0;
				TARGETED_DEVICE_FAMILY = "1,2";
				TEST_TARGET_NAME = Stores;
			};
			name = Debug;
		};
		2900C2F2277CA20800A9D515 /* Release */ = {
			isa = XCBuildConfiguration;
			buildSettings = {
				ALWAYS_EMBED_SWIFT_STANDARD_LIBRARIES = YES;
				CODE_SIGN_STYLE = Automatic;
				CURRENT_PROJECT_VERSION = 1;
				DEVELOPMENT_TEAM = FV7P3U9Z3A;
				GENERATE_INFOPLIST_FILE = YES;
				MARKETING_VERSION = 1.0;
				PRODUCT_BUNDLE_IDENTIFIER = Yousra.StoresUITests;
				PRODUCT_NAME = "$(TARGET_NAME)";
				SWIFT_EMIT_LOC_STRINGS = NO;
				SWIFT_VERSION = 5.0;
				TARGETED_DEVICE_FAMILY = "1,2";
				TEST_TARGET_NAME = Stores;
			};
			name = Release;
		};
/* End XCBuildConfiguration section */

/* Begin XCConfigurationList section */
		2900C2B8277CA20600A9D515 /* Build configuration list for PBXProject "Stores" */ = {
			isa = XCConfigurationList;
			buildConfigurations = (
				2900C2E8277CA20800A9D515 /* Debug */,
				2900C2E9277CA20800A9D515 /* Release */,
			);
			defaultConfigurationIsVisible = 0;
			defaultConfigurationName = Release;
		};
		2900C2EA277CA20800A9D515 /* Build configuration list for PBXNativeTarget "Stores" */ = {
			isa = XCConfigurationList;
			buildConfigurations = (
				2900C2EB277CA20800A9D515 /* Debug */,
				2900C2EC277CA20800A9D515 /* Release */,
			);
			defaultConfigurationIsVisible = 0;
			defaultConfigurationName = Release;
		};
		2900C2ED277CA20800A9D515 /* Build configuration list for PBXNativeTarget "StoresTests" */ = {
			isa = XCConfigurationList;
			buildConfigurations = (
				2900C2EE277CA20800A9D515 /* Debug */,
				2900C2EF277CA20800A9D515 /* Release */,
			);
			defaultConfigurationIsVisible = 0;
			defaultConfigurationName = Release;
		};
		2900C2F0277CA20800A9D515 /* Build configuration list for PBXNativeTarget "StoresUITests" */ = {
			isa = XCConfigurationList;
			buildConfigurations = (
				2900C2F1277CA20800A9D515 /* Debug */,
				2900C2F2277CA20800A9D515 /* Release */,
			);
			defaultConfigurationIsVisible = 0;
			defaultConfigurationName = Release;
		};
/* End XCConfigurationList section */

/* Begin XCVersionGroup section */
		2900C2C9277CA20600A9D515 /* Stores.xcdatamodeld */ = {
			isa = XCVersionGroup;
			children = (
				2900C2CA277CA20600A9D515 /* Stores.xcdatamodel */,
			);
			currentVersion = 2900C2CA277CA20600A9D515 /* Stores.xcdatamodel */;
			path = Stores.xcdatamodeld;
			sourceTree = "<group>";
			versionGroupType = wrapper.xcdatamodel;
		};
/* End XCVersionGroup section */
	};
	rootObject = 2900C2B5277CA20600A9D515 /* Project object */;
}
